
Microsoft Visual Studio Solution File, Format Version 12.00
Project("{2150E333-8FDC-42A3-9474-1A3956D46DE8}") = "Microservices", "Microservices", "{7EC8F967-F38E-47ED-B745-EAE59B528BEF}"
EndProject
Project("{2150E333-8FDC-42A3-9474-1A3956D46DE8}") = "Domain", "Domain", "{66B3FEE3-6134-4F36-97DF-C34FBB1EE453}"
EndProject
Project("{2150E333-8FDC-42A3-9474-1A3956D46DE8}") = "Infra.Bus", "Infra.Bus", "{1468BC78-484A-49DD-8ABF-ED4A507DA473}"
EndProject
Project("{2150E333-8FDC-42A3-9474-1A3956D46DE8}") = "Infra.IoC", "Infra.IoC", "{3F7ADC4F-745B-4421-9933-4950CB4C0B2E}"
EndProject
Project("{2150E333-8FDC-42A3-9474-1A3956D46DE8}") = "Presentation", "Presentation", "{5E4604B3-49DC-4243-8165-BD97308DC7AC}"
EndProject
Project("{FAE04EC0-301F-11D3-BF4B-00C04F79EFBC}") = "MicroRabbit.Domain.Core", "MicroRabbit.Domain.Core\MicroRabbit.Domain.Core.csproj", "{753D5B6C-1D9C-432B-BE71-A143F782C826}"
EndProject
Project("{FAE04EC0-301F-11D3-BF4B-00C04F79EFBC}") = "MicroRabbit.Infra.Bus", "MicroRabbit.Infra.Bus\MicroRabbit.Infra.Bus.csproj", "{D361AC6C-C796-439A-95E4-F25F1412BAE4}"
EndProject
Project("{FAE04EC0-301F-11D3-BF4B-00C04F79EFBC}") = "MicroRabbit.Infra.IoC", "MicroRabbit.Infra.IoC\MicroRabbit.Infra.IoC.csproj", "{464C510B-61E2-4AD6-A467-5182E064912D}"
EndProject
Project("{2150E333-8FDC-42A3-9474-1A3956D46DE8}") = "Banking", "Banking", "{5916BE73-370D-49AE-98B4-4ACC7E06F8B3}"
EndProject
Project("{2150E333-8FDC-42A3-9474-1A3956D46DE8}") = "Api", "Api", "{60B67D69-E6C7-4890-A636-185A1FDA2538}"
EndProject
Project("{2150E333-8FDC-42A3-9474-1A3956D46DE8}") = "Application", "Application", "{9B39669E-4D16-4B0F-9F33-0EDCACEED916}"
EndProject
Project("{2150E333-8FDC-42A3-9474-1A3956D46DE8}") = "Domain", "Domain", "{83F5B353-30A7-4204-B4AA-EEAAE776EE5D}"
EndProject
Project("{2150E333-8FDC-42A3-9474-1A3956D46DE8}") = "Infrastructure", "Infrastructure", "{626AADC4-E6D8-4378-8375-937CE9A0A745}"
EndProject
Project("{FAE04EC0-301F-11D3-BF4B-00C04F79EFBC}") = "MicroRabbit.Banking.Application", "MicroRabbit.Banking.Application\MicroRabbit.Banking.Application.csproj", "{C551DEC7-57F9-4B5A-9E1C-9023EC2FDAB3}"
EndProject
Project("{FAE04EC0-301F-11D3-BF4B-00C04F79EFBC}") = "MicroRabbit.Banking.Domain", "MicroRabbit.Banking.Domain\MicroRabbit.Banking.Domain.csproj", "{2C0F68B5-C526-4421-8561-4177C9CDBB2D}"
EndProject
Project("{FAE04EC0-301F-11D3-BF4B-00C04F79EFBC}") = "MicroRabbit.Banking.Infrastructure", "MicroRabbit.Banking.Infrastructure\MicroRabbit.Banking.Infrastructure.csproj", "{AA001497-0A3B-4DBE-BEA7-B38F72D398F5}"
EndProject
Project("{FAE04EC0-301F-11D3-BF4B-00C04F79EFBC}") = "MicroRabbit.Banking.Api", "MicroRabbit.Banking.Api\MicroRabbit.Banking.Api.csproj", "{EBD5518D-ADDE-4869-9EC1-1A0DD7B10C47}"
EndProject
Project("{2150E333-8FDC-42A3-9474-1A3956D46DE8}") = "Transfer", "Transfer", "{E3207346-22ED-4F1B-8732-01D6868AD277}"
EndProject
Project("{2150E333-8FDC-42A3-9474-1A3956D46DE8}") = "Api", "Api", "{4C3E3843-74D5-4730-90C0-C93FB280C87A}"
EndProject
Project("{2150E333-8FDC-42A3-9474-1A3956D46DE8}") = "Application", "Application", "{491D34D8-50C0-4E36-BEC3-1B07BB2A2EC5}"
EndProject
Project("{2150E333-8FDC-42A3-9474-1A3956D46DE8}") = "Domain", "Domain", "{9BC511F8-00A4-431D-9F1E-07346E47E8B3}"
EndProject
Project("{2150E333-8FDC-42A3-9474-1A3956D46DE8}") = "Infrastructure", "Infrastructure", "{0AB912EF-1C9B-42D6-A26B-CFAAA4ABE427}"
EndProject
Project("{FAE04EC0-301F-11D3-BF4B-00C04F79EFBC}") = "MicroRabbit.Transfer.Api", "MicroRabbit.Transfer.Api\MicroRabbit.Transfer.Api.csproj", "{9E41FAD4-CD05-4C77-8D44-ACF5C5996103}"
EndProject
Project("{FAE04EC0-301F-11D3-BF4B-00C04F79EFBC}") = "MicroRabbit.Transfer.Application", "MicroRabbit.Transfer.Application\MicroRabbit.Transfer.Application.csproj", "{F64D35E1-21D9-4B62-BDB1-FF6C1CD75C4D}"
EndProject
Project("{FAE04EC0-301F-11D3-BF4B-00C04F79EFBC}") = "MicroRabbit.Transfer.Domain", "MicroRabbit.Transfer.Domain\MicroRabbit.Transfer.Domain.csproj", "{C58AB388-2548-47F5-A9F7-F1B3120CCE83}"
EndProject
Project("{FAE04EC0-301F-11D3-BF4B-00C04F79EFBC}") = "MicroRabbit.Transfer.Infrastructure", "MicroRabbit.Transfer.Infrastructure\MicroRabbit.Transfer.Infrastructure.csproj", "{AC0D5423-657A-423F-8C18-3F6FD3A0D86E}"
EndProject
Global
	GlobalSection(SolutionConfigurationPlatforms) = preSolution
		Debug|Any CPU = Debug|Any CPU
		Release|Any CPU = Release|Any CPU
	EndGlobalSection
	GlobalSection(NestedProjects) = preSolution
		{753D5B6C-1D9C-432B-BE71-A143F782C826} = {66B3FEE3-6134-4F36-97DF-C34FBB1EE453}
		{D361AC6C-C796-439A-95E4-F25F1412BAE4} = {1468BC78-484A-49DD-8ABF-ED4A507DA473}
		{464C510B-61E2-4AD6-A467-5182E064912D} = {3F7ADC4F-745B-4421-9933-4950CB4C0B2E}
		{5916BE73-370D-49AE-98B4-4ACC7E06F8B3} = {7EC8F967-F38E-47ED-B745-EAE59B528BEF}
		{60B67D69-E6C7-4890-A636-185A1FDA2538} = {5916BE73-370D-49AE-98B4-4ACC7E06F8B3}
		{9B39669E-4D16-4B0F-9F33-0EDCACEED916} = {5916BE73-370D-49AE-98B4-4ACC7E06F8B3}
		{83F5B353-30A7-4204-B4AA-EEAAE776EE5D} = {5916BE73-370D-49AE-98B4-4ACC7E06F8B3}
		{626AADC4-E6D8-4378-8375-937CE9A0A745} = {5916BE73-370D-49AE-98B4-4ACC7E06F8B3}
		{C551DEC7-57F9-4B5A-9E1C-9023EC2FDAB3} = {9B39669E-4D16-4B0F-9F33-0EDCACEED916}
		{2C0F68B5-C526-4421-8561-4177C9CDBB2D} = {83F5B353-30A7-4204-B4AA-EEAAE776EE5D}
		{AA001497-0A3B-4DBE-BEA7-B38F72D398F5} = {626AADC4-E6D8-4378-8375-937CE9A0A745}
		{EBD5518D-ADDE-4869-9EC1-1A0DD7B10C47} = {60B67D69-E6C7-4890-A636-185A1FDA2538}
		{E3207346-22ED-4F1B-8732-01D6868AD277} = {7EC8F967-F38E-47ED-B745-EAE59B528BEF}
		{4C3E3843-74D5-4730-90C0-C93FB280C87A} = {E3207346-22ED-4F1B-8732-01D6868AD277}
		{491D34D8-50C0-4E36-BEC3-1B07BB2A2EC5} = {E3207346-22ED-4F1B-8732-01D6868AD277}
		{9BC511F8-00A4-431D-9F1E-07346E47E8B3} = {E3207346-22ED-4F1B-8732-01D6868AD277}
		{0AB912EF-1C9B-42D6-A26B-CFAAA4ABE427} = {E3207346-22ED-4F1B-8732-01D6868AD277}
		{9E41FAD4-CD05-4C77-8D44-ACF5C5996103} = {4C3E3843-74D5-4730-90C0-C93FB280C87A}
		{F64D35E1-21D9-4B62-BDB1-FF6C1CD75C4D} = {491D34D8-50C0-4E36-BEC3-1B07BB2A2EC5}
		{C58AB388-2548-47F5-A9F7-F1B3120CCE83} = {9BC511F8-00A4-431D-9F1E-07346E47E8B3}
		{AC0D5423-657A-423F-8C18-3F6FD3A0D86E} = {0AB912EF-1C9B-42D6-A26B-CFAAA4ABE427}
	EndGlobalSection
	GlobalSection(ProjectConfigurationPlatforms) = postSolution
		{753D5B6C-1D9C-432B-BE71-A143F782C826}.Debug|Any CPU.ActiveCfg = Debug|Any CPU
		{753D5B6C-1D9C-432B-BE71-A143F782C826}.Debug|Any CPU.Build.0 = Debug|Any CPU
		{753D5B6C-1D9C-432B-BE71-A143F782C826}.Release|Any CPU.ActiveCfg = Release|Any CPU
		{753D5B6C-1D9C-432B-BE71-A143F782C826}.Release|Any CPU.Build.0 = Release|Any CPU
		{D361AC6C-C796-439A-95E4-F25F1412BAE4}.Debug|Any CPU.ActiveCfg = Debug|Any CPU
		{D361AC6C-C796-439A-95E4-F25F1412BAE4}.Debug|Any CPU.Build.0 = Debug|Any CPU
		{D361AC6C-C796-439A-95E4-F25F1412BAE4}.Release|Any CPU.ActiveCfg = Release|Any CPU
		{D361AC6C-C796-439A-95E4-F25F1412BAE4}.Release|Any CPU.Build.0 = Release|Any CPU
		{464C510B-61E2-4AD6-A467-5182E064912D}.Debug|Any CPU.ActiveCfg = Debug|Any CPU
		{464C510B-61E2-4AD6-A467-5182E064912D}.Debug|Any CPU.Build.0 = Debug|Any CPU
		{464C510B-61E2-4AD6-A467-5182E064912D}.Release|Any CPU.ActiveCfg = Release|Any CPU
		{464C510B-61E2-4AD6-A467-5182E064912D}.Release|Any CPU.Build.0 = Release|Any CPU
		{C551DEC7-57F9-4B5A-9E1C-9023EC2FDAB3}.Debug|Any CPU.ActiveCfg = Debug|Any CPU
		{C551DEC7-57F9-4B5A-9E1C-9023EC2FDAB3}.Debug|Any CPU.Build.0 = Debug|Any CPU
		{C551DEC7-57F9-4B5A-9E1C-9023EC2FDAB3}.Release|Any CPU.ActiveCfg = Release|Any CPU
		{C551DEC7-57F9-4B5A-9E1C-9023EC2FDAB3}.Release|Any CPU.Build.0 = Release|Any CPU
		{2C0F68B5-C526-4421-8561-4177C9CDBB2D}.Debug|Any CPU.ActiveCfg = Debug|Any CPU
		{2C0F68B5-C526-4421-8561-4177C9CDBB2D}.Debug|Any CPU.Build.0 = Debug|Any CPU
		{2C0F68B5-C526-4421-8561-4177C9CDBB2D}.Release|Any CPU.ActiveCfg = Release|Any CPU
		{2C0F68B5-C526-4421-8561-4177C9CDBB2D}.Release|Any CPU.Build.0 = Release|Any CPU
		{AA001497-0A3B-4DBE-BEA7-B38F72D398F5}.Debug|Any CPU.ActiveCfg = Debug|Any CPU
		{AA001497-0A3B-4DBE-BEA7-B38F72D398F5}.Debug|Any CPU.Build.0 = Debug|Any CPU
		{AA001497-0A3B-4DBE-BEA7-B38F72D398F5}.Release|Any CPU.ActiveCfg = Release|Any CPU
		{AA001497-0A3B-4DBE-BEA7-B38F72D398F5}.Release|Any CPU.Build.0 = Release|Any CPU
		{EBD5518D-ADDE-4869-9EC1-1A0DD7B10C47}.Debug|Any CPU.ActiveCfg = Debug|Any CPU
		{EBD5518D-ADDE-4869-9EC1-1A0DD7B10C47}.Debug|Any CPU.Build.0 = Debug|Any CPU
		{EBD5518D-ADDE-4869-9EC1-1A0DD7B10C47}.Release|Any CPU.ActiveCfg = Release|Any CPU
		{EBD5518D-ADDE-4869-9EC1-1A0DD7B10C47}.Release|Any CPU.Build.0 = Release|Any CPU
		{9E41FAD4-CD05-4C77-8D44-ACF5C5996103}.Debug|Any CPU.ActiveCfg = Debug|Any CPU
		{9E41FAD4-CD05-4C77-8D44-ACF5C5996103}.Debug|Any CPU.Build.0 = Debug|Any CPU
		{9E41FAD4-CD05-4C77-8D44-ACF5C5996103}.Release|Any CPU.ActiveCfg = Release|Any CPU
		{9E41FAD4-CD05-4C77-8D44-ACF5C5996103}.Release|Any CPU.Build.0 = Release|Any CPU
		{F64D35E1-21D9-4B62-BDB1-FF6C1CD75C4D}.Debug|Any CPU.ActiveCfg = Debug|Any CPU
		{F64D35E1-21D9-4B62-BDB1-FF6C1CD75C4D}.Debug|Any CPU.Build.0 = Debug|Any CPU
		{F64D35E1-21D9-4B62-BDB1-FF6C1CD75C4D}.Release|Any CPU.ActiveCfg = Release|Any CPU
		{F64D35E1-21D9-4B62-BDB1-FF6C1CD75C4D}.Release|Any CPU.Build.0 = Release|Any CPU
		{C58AB388-2548-47F5-A9F7-F1B3120CCE83}.Debug|Any CPU.ActiveCfg = Debug|Any CPU
		{C58AB388-2548-47F5-A9F7-F1B3120CCE83}.Debug|Any CPU.Build.0 = Debug|Any CPU
		{C58AB388-2548-47F5-A9F7-F1B3120CCE83}.Release|Any CPU.ActiveCfg = Release|Any CPU
		{C58AB388-2548-47F5-A9F7-F1B3120CCE83}.Release|Any CPU.Build.0 = Release|Any CPU
		{AC0D5423-657A-423F-8C18-3F6FD3A0D86E}.Debug|Any CPU.ActiveCfg = Debug|Any CPU
		{AC0D5423-657A-423F-8C18-3F6FD3A0D86E}.Debug|Any CPU.Build.0 = Debug|Any CPU
		{AC0D5423-657A-423F-8C18-3F6FD3A0D86E}.Release|Any CPU.ActiveCfg = Release|Any CPU
		{AC0D5423-657A-423F-8C18-3F6FD3A0D86E}.Release|Any CPU.Build.0 = Release|Any CPU
	EndGlobalSection
EndGlobal
